
Microsoft Visual Studio Solution File, Format Version 12.00
# Visual Studio Version 16
VisualStudioVersion = 16.0.31205.134
MinimumVisualStudioVersion = 10.0.40219.1
Project("{FAE04EC0-301F-11D3-BF4B-00C04F79EFBC}") = "AdoNetLesson2", "AdoNetLesson2\AdoNetLesson2.csproj", "{921B188D-CC41-4B11-A24C-EE362B00BBC7}"
EndProject
Global
	GlobalSection(SolutionConfigurationPlatforms) = preSolution
		Debug|Any CPU = Debug|Any CPU
		Release|Any CPU = Release|Any CPU
	EndGlobalSection
	GlobalSection(ProjectConfigurationPlatforms) = postSolution
		{921B188D-CC41-4B11-A24C-EE362B00BBC7}.Debug|Any CPU.ActiveCfg = Debug|Any CPU
		{921B188D-CC41-4B11-A24C-EE362B00BBC7}.Debug|Any CPU.Build.0 = Debug|Any CPU
		{921B188D-CC41-4B11-A24C-EE362B00BBC7}.Release|Any CPU.ActiveCfg = Release|Any CPU
		{921B188D-CC41-4B11-A24C-EE362B00BBC7}.Release|Any CPU.Build.0 = Release|Any CPU
	EndGlobalSection
	GlobalSection(SolutionProperties) = preSolution
		HideSolutionNode = FALSE
	EndGlobalSection
	GlobalSection(ExtensibilityGlobals) = postSolution
		SolutionGuid = {472BDF8C-2C5D-44A2-9DCF-FAFE2C7E1B17}
	EndGlobalSection
EndGlobal
